// !$*UTF8*$!
{
	archiveVersion = 1;
	classes = {
	};
	objectVersion = 48;
	objects = {

/* Begin PBXBuildFile section */
		6C422FD51FCCDC0300F8940E /* AppDelegate.swift in Sources */ = {isa = PBXBuildFile; fileRef = 6C422FD41FCCDC0300F8940E /* AppDelegate.swift */; };
		6C422FD71FCCDC0300F8940E /* CourseVC.swift in Sources */ = {isa = PBXBuildFile; fileRef = 6C422FD61FCCDC0300F8940E /* CourseVC.swift */; };
		6C422FDA1FCCDC0300F8940E /* Main.storyboard in Resources */ = {isa = PBXBuildFile; fileRef = 6C422FD81FCCDC0300F8940E /* Main.storyboard */; };
		6C422FDC1FCCDC0300F8940E /* Assets.xcassets in Resources */ = {isa = PBXBuildFile; fileRef = 6C422FDB1FCCDC0300F8940E /* Assets.xcassets */; };
		6C422FDF1FCCDC0300F8940E /* LaunchScreen.storyboard in Resources */ = {isa = PBXBuildFile; fileRef = 6C422FDD1FCCDC0300F8940E /* LaunchScreen.storyboard */; };
		6C422FE81FCCDC5900F8940E /* Course.xcdatamodeld in Sources */ = {isa = PBXBuildFile; fileRef = 6C422FE61FCCDC5900F8940E /* Course.xcdatamodeld */; };
		6C422FFC1FD6180100F8940E /* CoreDataStack.swift in Sources */ = {isa = PBXBuildFile; fileRef = 6C422FFB1FD6180100F8940E /* CoreDataStack.swift */; };
		6C45CC961FE3A89E0056F911 /* FetchRequest.swift in Sources */ = {isa = PBXBuildFile; fileRef = 6C45CC951FE3A89E0056F911 /* FetchRequest.swift */; };
		6CF3B3211FD8A4C700E62A27 /* CourseCell.swift in Sources */ = {isa = PBXBuildFile; fileRef = 6CF3B3201FD8A4C700E62A27 /* CourseCell.swift */; };
		6CF3B3231FD8A99900E62A27 /* AddCourseVC.swift in Sources */ = {isa = PBXBuildFile; fileRef = 6CF3B3221FD8A99900E62A27 /* AddCourseVC.swift */; };
		6CF3B3261FDB4C1800E62A27 /* TableViewDatasource.swift in Sources */ = {isa = PBXBuildFile; fileRef = 6CF3B3251FDB4C1800E62A27 /* TableViewDatasource.swift */; };
		6CF3B3291FDB509500E62A27 /* Course+Extension.swift in Sources */ = {isa = PBXBuildFile; fileRef = 6CF3B3281FDB509500E62A27 /* Course+Extension.swift */; };
		6CF3B32B1FDB588D00E62A27 /* SessionVC.swift in Sources */ = {isa = PBXBuildFile; fileRef = 6CF3B32A1FDB588D00E62A27 /* SessionVC.swift */; };
		6CF3B32D1FDB589C00E62A27 /* AddSessionVC.swift in Sources */ = {isa = PBXBuildFile; fileRef = 6CF3B32C1FDB589C00E62A27 /* AddSessionVC.swift */; };
		6CF3B32F1FDB58BE00E62A27 /* NoteVC.swift in Sources */ = {isa = PBXBuildFile; fileRef = 6CF3B32E1FDB58BE00E62A27 /* NoteVC.swift */; };
		6CF3B3311FDB58DC00E62A27 /* AddNoteVC.swift in Sources */ = {isa = PBXBuildFile; fileRef = 6CF3B3301FDB58DC00E62A27 /* AddNoteVC.swift */; };
/* End PBXBuildFile section */

/* Begin PBXFileReference section */
		6C422FD11FCCDC0300F8940E /* CoursePlanner.app */ = {isa = PBXFileReference; explicitFileType = wrapper.application; includeInIndex = 0; path = CoursePlanner.app; sourceTree = BUILT_PRODUCTS_DIR; };
		6C422FD41FCCDC0300F8940E /* AppDelegate.swift */ = {isa = PBXFileReference; lastKnownFileType = sourcecode.swift; path = AppDelegate.swift; sourceTree = "<group>"; };
		6C422FD61FCCDC0300F8940E /* CourseVC.swift */ = {isa = PBXFileReference; lastKnownFileType = sourcecode.swift; path = CourseVC.swift; sourceTree = "<group>"; };
		6C422FD91FCCDC0300F8940E /* Base */ = {isa = PBXFileReference; lastKnownFileType = file.storyboard; name = Base; path = Base.lproj/Main.storyboard; sourceTree = "<group>"; };
		6C422FDB1FCCDC0300F8940E /* Assets.xcassets */ = {isa = PBXFileReference; lastKnownFileType = folder.assetcatalog; path = Assets.xcassets; sourceTree = "<group>"; };
		6C422FDE1FCCDC0300F8940E /* Base */ = {isa = PBXFileReference; lastKnownFileType = file.storyboard; name = Base; path = Base.lproj/LaunchScreen.storyboard; sourceTree = "<group>"; };
		6C422FE01FCCDC0300F8940E /* Info.plist */ = {isa = PBXFileReference; lastKnownFileType = text.plist.xml; path = Info.plist; sourceTree = "<group>"; };
		6C422FE71FCCDC5900F8940E /* CourseModel.xcdatamodel */ = {isa = PBXFileReference; lastKnownFileType = wrapper.xcdatamodel; path = CourseModel.xcdatamodel; sourceTree = "<group>"; };
		6C422FFB1FD6180100F8940E /* CoreDataStack.swift */ = {isa = PBXFileReference; lastKnownFileType = sourcecode.swift; path = CoreDataStack.swift; sourceTree = "<group>"; };
		6C45CC951FE3A89E0056F911 /* FetchRequest.swift */ = {isa = PBXFileReference; lastKnownFileType = sourcecode.swift; path = FetchRequest.swift; sourceTree = "<group>"; };
		6CF3B3201FD8A4C700E62A27 /* CourseCell.swift */ = {isa = PBXFileReference; lastKnownFileType = sourcecode.swift; path = CourseCell.swift; sourceTree = "<group>"; };
		6CF3B3221FD8A99900E62A27 /* AddCourseVC.swift */ = {isa = PBXFileReference; lastKnownFileType = sourcecode.swift; path = AddCourseVC.swift; sourceTree = "<group>"; };
		6CF3B3251FDB4C1800E62A27 /* TableViewDatasource.swift */ = {isa = PBXFileReference; lastKnownFileType = sourcecode.swift; path = TableViewDatasource.swift; sourceTree = "<group>"; };
		6CF3B3281FDB509500E62A27 /* Course+Extension.swift */ = {isa = PBXFileReference; lastKnownFileType = sourcecode.swift; path = "Course+Extension.swift"; sourceTree = "<group>"; };
		6CF3B32A1FDB588D00E62A27 /* SessionVC.swift */ = {isa = PBXFileReference; lastKnownFileType = sourcecode.swift; path = SessionVC.swift; sourceTree = "<group>"; };
		6CF3B32C1FDB589C00E62A27 /* AddSessionVC.swift */ = {isa = PBXFileReference; lastKnownFileType = sourcecode.swift; path = AddSessionVC.swift; sourceTree = "<group>"; };
		6CF3B32E1FDB58BE00E62A27 /* NoteVC.swift */ = {isa = PBXFileReference; lastKnownFileType = sourcecode.swift; path = NoteVC.swift; sourceTree = "<group>"; };
		6CF3B3301FDB58DC00E62A27 /* AddNoteVC.swift */ = {isa = PBXFileReference; lastKnownFileType = sourcecode.swift; path = AddNoteVC.swift; sourceTree = "<group>"; };
/* End PBXFileReference section */

/* Begin PBXFrameworksBuildPhase section */
		6C422FCE1FCCDC0300F8940E /* Frameworks */ = {
			isa = PBXFrameworksBuildPhase;
			buildActionMask = 2147483647;
			files = (
			);
			runOnlyForDeploymentPostprocessing = 0;
		};
/* End PBXFrameworksBuildPhase section */

/* Begin PBXGroup section */
		6C422FC81FCCDC0300F8940E = {
			isa = PBXGroup;
			children = (
				6C422FD31FCCDC0300F8940E /* CoursePlanner */,
				6C422FD21FCCDC0300F8940E /* Products */,
			);
			sourceTree = "<group>";
		};
		6C422FD21FCCDC0300F8940E /* Products */ = {
			isa = PBXGroup;
			children = (
				6C422FD11FCCDC0300F8940E /* CoursePlanner.app */,
			);
			name = Products;
			sourceTree = "<group>";
		};
		6C422FD31FCCDC0300F8940E /* CoursePlanner */ = {
			isa = PBXGroup;
			children = (
				6C45CC951FE3A89E0056F911 /* FetchRequest.swift */,
				6CF3B3271FDB508200E62A27 /* Extension */,
				6CF3B3241FDB4C0700E62A27 /* UI */,
				6C422FD41FCCDC0300F8940E /* AppDelegate.swift */,
				6C422FD81FCCDC0300F8940E /* Main.storyboard */,
				6C422FDB1FCCDC0300F8940E /* Assets.xcassets */,
				6C422FDD1FCCDC0300F8940E /* LaunchScreen.storyboard */,
				6C422FE01FCCDC0300F8940E /* Info.plist */,
				6C422FE61FCCDC5900F8940E /* Course.xcdatamodeld */,
				6C422FFB1FD6180100F8940E /* CoreDataStack.swift */,
			);
			path = CoursePlanner;
			sourceTree = "<group>";
		};
		6CF3B3241FDB4C0700E62A27 /* UI */ = {
			isa = PBXGroup;
			children = (
				6CF3B3251FDB4C1800E62A27 /* TableViewDatasource.swift */,
				6CF3B3351FDCB56300E62A27 /* TableViewCells */,
				6CF3B3341FDCB53900E62A27 /* VCs */,
			);
			path = UI;
			sourceTree = "<group>";
		};
		6CF3B3271FDB508200E62A27 /* Extension */ = {
			isa = PBXGroup;
			children = (
				6CF3B3281FDB509500E62A27 /* Course+Extension.swift */,
			);
			path = Extension;
			sourceTree = "<group>";
		};
		6CF3B3341FDCB53900E62A27 /* VCs */ = {
			isa = PBXGroup;
			children = (
				6CF3B32E1FDB58BE00E62A27 /* NoteVC.swift */,
				6CF3B3301FDB58DC00E62A27 /* AddNoteVC.swift */,
				6C422FD61FCCDC0300F8940E /* CourseVC.swift */,
				6CF3B3221FD8A99900E62A27 /* AddCourseVC.swift */,
				6CF3B32A1FDB588D00E62A27 /* SessionVC.swift */,
				6CF3B32C1FDB589C00E62A27 /* AddSessionVC.swift */,
			);
			path = VCs;
			sourceTree = "<group>";
		};
		6CF3B3351FDCB56300E62A27 /* TableViewCells */ = {
			isa = PBXGroup;
			children = (
				6CF3B3201FD8A4C700E62A27 /* CourseCell.swift */,
			);
			path = TableViewCells;
			sourceTree = "<group>";
		};
/* End PBXGroup section */

/* Begin PBXNativeTarget section */
		6C422FD01FCCDC0300F8940E /* CoursePlanner */ = {
			isa = PBXNativeTarget;
			buildConfigurationList = 6C422FE31FCCDC0300F8940E /* Build configuration list for PBXNativeTarget "CoursePlanner" */;
			buildPhases = (
				6C422FCD1FCCDC0300F8940E /* Sources */,
				6C422FCE1FCCDC0300F8940E /* Frameworks */,
				6C422FCF1FCCDC0300F8940E /* Resources */,
			);
			buildRules = (
			);
			dependencies = (
			);
			name = CoursePlanner;
			productName = CoursePlanner;
			productReference = 6C422FD11FCCDC0300F8940E /* CoursePlanner.app */;
			productType = "com.apple.product-type.application";
		};
/* End PBXNativeTarget section */

/* Begin PBXProject section */
		6C422FC91FCCDC0300F8940E /* Project object */ = {
			isa = PBXProject;
			attributes = {
				LastSwiftUpdateCheck = 0900;
				LastUpgradeCheck = 0900;
				ORGANIZATIONNAME = "Melody Yang";
				TargetAttributes = {
					6C422FD01FCCDC0300F8940E = {
						CreatedOnToolsVersion = 9.0;
						ProvisioningStyle = Automatic;
					};
				};
			};
			buildConfigurationList = 6C422FCC1FCCDC0300F8940E /* Build configuration list for PBXProject "CoursePlanner" */;
			compatibilityVersion = "Xcode 8.0";
			developmentRegion = en;
			hasScannedForEncodings = 0;
			knownRegions = (
				en,
				Base,
			);
			mainGroup = 6C422FC81FCCDC0300F8940E;
			productRefGroup = 6C422FD21FCCDC0300F8940E /* Products */;
			projectDirPath = "";
			projectRoot = "";
			targets = (
				6C422FD01FCCDC0300F8940E /* CoursePlanner */,
			);
		};
/* End PBXProject section */

/* Begin PBXResourcesBuildPhase section */
		6C422FCF1FCCDC0300F8940E /* Resources */ = {
			isa = PBXResourcesBuildPhase;
			buildActionMask = 2147483647;
			files = (
				6C422FDF1FCCDC0300F8940E /* LaunchScreen.storyboard in Resources */,
				6C422FDC1FCCDC0300F8940E /* Assets.xcassets in Resources */,
				6C422FDA1FCCDC0300F8940E /* Main.storyboard in Resources */,
			);
			runOnlyForDeploymentPostprocessing = 0;
		};
/* End PBXResourcesBuildPhase section */

/* Begin PBXSourcesBuildPhase section */
		6C422FCD1FCCDC0300F8940E /* Sources */ = {
			isa = PBXSourcesBuildPhase;
			buildActionMask = 2147483647;
			files = (
				6C422FD71FCCDC0300F8940E /* CourseVC.swift in Sources */,
				6CF3B3231FD8A99900E62A27 /* AddCourseVC.swift in Sources */,
				6CF3B3291FDB509500E62A27 /* Course+Extension.swift in Sources */,
				6CF3B32D1FDB589C00E62A27 /* AddSessionVC.swift in Sources */,
				6CF3B32F1FDB58BE00E62A27 /* NoteVC.swift in Sources */,
				6C422FE81FCCDC5900F8940E /* Course.xcdatamodeld in Sources */,
				6C45CC961FE3A89E0056F911 /* FetchRequest.swift in Sources */,
				6CF3B3311FDB58DC00E62A27 /* AddNoteVC.swift in Sources */,
				6CF3B32B1FDB588D00E62A27 /* SessionVC.swift in Sources */,
				6C422FD51FCCDC0300F8940E /* AppDelegate.swift in Sources */,
				6C422FFC1FD6180100F8940E /* CoreDataStack.swift in Sources */,
				6CF3B3211FD8A4C700E62A27 /* CourseCell.swift in Sources */,
				6CF3B3261FDB4C1800E62A27 /* TableViewDatasource.swift in Sources */,
			);
			runOnlyForDeploymentPostprocessing = 0;
		};
/* End PBXSourcesBuildPhase section */

/* Begin PBXVariantGroup section */
		6C422FD81FCCDC0300F8940E /* Main.storyboard */ = {
			isa = PBXVariantGroup;
			children = (
				6C422FD91FCCDC0300F8940E /* Base */,
			);
			name = Main.storyboard;
			sourceTree = "<group>";
		};
		6C422FDD1FCCDC0300F8940E /* LaunchScreen.storyboard */ = {
			isa = PBXVariantGroup;
			children = (
				6C422FDE1FCCDC0300F8940E /* Base */,
			);
			name = LaunchScreen.storyboard;
			sourceTree = "<group>";
		};
/* End PBXVariantGroup section */

/* Begin XCBuildConfiguration section */
		6C422FE11FCCDC0300F8940E /* Debug */ = {
			isa = XCBuildConfiguration;
			buildSettings = {
				ALWAYS_SEARCH_USER_PATHS = NO;
				CLANG_ANALYZER_NONNULL = YES;
				CLANG_ANALYZER_NUMBER_OBJECT_CONVERSION = YES_AGGRESSIVE;
				CLANG_CXX_LANGUAGE_STANDARD = "gnu++14";
				CLANG_CXX_LIBRARY = "libc++";
				CLANG_ENABLE_MODULES = YES;
				CLANG_ENABLE_OBJC_ARC = YES;
				CLANG_WARN_BLOCK_CAPTURE_AUTORELEASING = YES;
				CLANG_WARN_BOOL_CONVERSION = YES;
				CLANG_WARN_COMMA = YES;
				CLANG_WARN_CONSTANT_CONVERSION = YES;
				CLANG_WARN_DIRECT_OBJC_ISA_USAGE = YES_ERROR;
				CLANG_WARN_DOCUMENTATION_COMMENTS = YES;
				CLANG_WARN_EMPTY_BODY = YES;
				CLANG_WARN_ENUM_CONVERSION = YES;
				CLANG_WARN_INFINITE_RECURSION = YES;
				CLANG_WARN_INT_CONVERSION = YES;
				CLANG_WARN_NON_LITERAL_NULL_CONVERSION = YES;
				CLANG_WARN_OBJC_LITERAL_CONVERSION = YES;
				CLANG_WARN_OBJC_ROOT_CLASS = YES_ERROR;
				CLANG_WARN_RANGE_LOOP_ANALYSIS = YES;
				CLANG_WARN_STRICT_PROTOTYPES = YES;
				CLANG_WARN_SUSPICIOUS_MOVE = YES;
				CLANG_WARN_UNGUARDED_AVAILABILITY = YES_AGGRESSIVE;
				CLANG_WARN_UNREACHABLE_CODE = YES;
				CLANG_WARN__DUPLICATE_METHOD_MATCH = YES;
				CODE_SIGN_IDENTITY = "iPhone Developer";
				COPY_PHASE_STRIP = NO;
				DEBUG_INFORMATION_FORMAT = dwarf;
				ENABLE_STRICT_OBJC_MSGSEND = YES;
				ENABLE_TESTABILITY = YES;
				GCC_C_LANGUAGE_STANDARD = gnu11;
				GCC_DYNAMIC_NO_PIC = NO;
				GCC_NO_COMMON_BLOCKS = YES;
				GCC_OPTIMIZATION_LEVEL = 0;
				GCC_PREPROCESSOR_DEFINITIONS = (
					"DEBUG=1",
					"$(inherited)",
				);
				GCC_WARN_64_TO_32_BIT_CONVERSION = YES;
				GCC_WARN_ABOUT_RETURN_TYPE = YES_ERROR;
				GCC_WARN_UNDECLARED_SELECTOR = YES;
				GCC_WARN_UNINITIALIZED_AUTOS = YES_AGGRESSIVE;
				GCC_WARN_UNUSED_FUNCTION = YES;
				GCC_WARN_UNUSED_VARIABLE = YES;
				IPHONEOS_DEPLOYMENT_TARGET = 11.0;
				MTL_ENABLE_DEBUG_INFO = YES;
				ONLY_ACTIVE_ARCH = YES;
				SDKROOT = iphoneos;
				SWIFT_ACTIVE_COMPILATION_CONDITIONS = DEBUG;
				SWIFT_OPTIMIZATION_LEVEL = "-Onone";
			};
			name = Debug;
		};
		6C422FE21FCCDC0300F8940E /* Release */ = {
			isa = XCBuildConfiguration;
			buildSettings = {
				ALWAYS_SEARCH_USER_PATHS = NO;
				CLANG_ANALYZER_NONNULL = YES;
				CLANG_ANALYZER_NUMBER_OBJECT_CONVERSION = YES_AGGRESSIVE;
				CLANG_CXX_LANGUAGE_STANDARD = "gnu++14";
				CLANG_CXX_LIBRARY = "libc++";
				CLANG_ENABLE_MODULES = YES;
				CLANG_ENABLE_OBJC_ARC = YES;
				CLANG_WARN_BLOCK_CAPTURE_AUTORELEASING = YES;
				CLANG_WARN_BOOL_CONVERSION = YES;
				CLANG_WARN_COMMA = YES;
				CLANG_WARN_CONSTANT_CONVERSION = YES;
				CLANG_WARN_DIRECT_OBJC_ISA_USAGE = YES_ERROR;
				CLANG_WARN_DOCUMENTATION_COMMENTS = YES;
				CLANG_WARN_EMPTY_BODY = YES;
				CLANG_WARN_ENUM_CONVERSION = YES;
				CLANG_WARN_INFINITE_RECURSION = YES;
				CLANG_WARN_INT_CONVERSION = YES;
				CLANG_WARN_NON_LITERAL_NULL_CONVERSION = YES;
				CLANG_WARN_OBJC_LITERAL_CONVERSION = YES;
				CLANG_WARN_OBJC_ROOT_CLASS = YES_ERROR;
				CLANG_WARN_RANGE_LOOP_ANALYSIS = YES;
				CLANG_WARN_STRICT_PROTOTYPES = YES;
				CLANG_WARN_SUSPICIOUS_MOVE = YES;
				CLANG_WARN_UNGUARDED_AVAILABILITY = YES_AGGRESSIVE;
				CLANG_WARN_UNREACHABLE_CODE = YES;
				CLANG_WARN__DUPLICATE_METHOD_MATCH = YES;
				CODE_SIGN_IDENTITY = "iPhone Developer";
				COPY_PHASE_STRIP = NO;
				DEBUG_INFORMATION_FORMAT = "dwarf-with-dsym";
				ENABLE_NS_ASSERTIONS = NO;
				ENABLE_STRICT_OBJC_MSGSEND = YES;
				GCC_C_LANGUAGE_STANDARD = gnu11;
				GCC_NO_COMMON_BLOCKS = YES;
				GCC_WARN_64_TO_32_BIT_CONVERSION = YES;
				GCC_WARN_ABOUT_RETURN_TYPE = YES_ERROR;
				GCC_WARN_UNDECLARED_SELECTOR = YES;
				GCC_WARN_UNINITIALIZED_AUTOS = YES_AGGRESSIVE;
				GCC_WARN_UNUSED_FUNCTION = YES;
				GCC_WARN_UNUSED_VARIABLE = YES;
				IPHONEOS_DEPLOYMENT_TARGET = 11.0;
				MTL_ENABLE_DEBUG_INFO = NO;
				SDKROOT = iphoneos;
				SWIFT_OPTIMIZATION_LEVEL = "-Owholemodule";
				VALIDATE_PRODUCT = YES;
			};
			name = Release;
		};
		6C422FE41FCCDC0300F8940E /* Debug */ = {
			isa = XCBuildConfiguration;
			buildSettings = {
				ASSETCATALOG_COMPILER_APPICON_NAME = AppIcon;
				CODE_SIGN_STYLE = Automatic;
				DEVELOPMENT_TEAM = 9JYNRTHSJ3;
				INFOPLIST_FILE = CoursePlanner/Info.plist;
				LD_RUNPATH_SEARCH_PATHS = "$(inherited) @executable_path/Frameworks";
				PRODUCT_BUNDLE_IDENTIFIER = "com.Melody-Yang.CoursePlanner";
				PRODUCT_NAME = "$(TARGET_NAME)";
				SWIFT_VERSION = 4.0;
				TARGETED_DEVICE_FAMILY = "1,2";
			};
			name = Debug;
		};
		6C422FE51FCCDC0300F8940E /* Release */ = {
			isa = XCBuildConfiguration;
			buildSettings = {
				ASSETCATALOG_COMPILER_APPICON_NAME = AppIcon;
				CODE_SIGN_STYLE = Automatic;
				DEVELOPMENT_TEAM = 9JYNRTHSJ3;
				INFOPLIST_FILE = CoursePlanner/Info.plist;
				LD_RUNPATH_SEARCH_PATHS = "$(inherited) @executable_path/Frameworks";
				PRODUCT_BUNDLE_IDENTIFIER = "com.Melody-Yang.CoursePlanner";
				PRODUCT_NAME = "$(TARGET_NAME)";
				SWIFT_VERSION = 4.0;
				TARGETED_DEVICE_FAMILY = "1,2";
			};
			name = Release;
		};
/* End XCBuildConfiguration section */

/* Begin XCConfigurationList section */
		6C422FCC1FCCDC0300F8940E /* Build configuration list for PBXProject "CoursePlanner" */ = {
			isa = XCConfigurationList;
			buildConfigurations = (
				6C422FE11FCCDC0300F8940E /* Debug */,
				6C422FE21FCCDC0300F8940E /* Release */,
			);
			defaultConfigurationIsVisible = 0;
			defaultConfigurationName = Release;
		};
		6C422FE31FCCDC0300F8940E /* Build configuration list for PBXNativeTarget "CoursePlanner" */ = {
			isa = XCConfigurationList;
			buildConfigurations = (
				6C422FE41FCCDC0300F8940E /* Debug */,
				6C422FE51FCCDC0300F8940E /* Release */,
			);
			defaultConfigurationIsVisible = 0;
			defaultConfigurationName = Release;
		};
/* End XCConfigurationList section */

/* Begin XCVersionGroup section */
		6C422FE61FCCDC5900F8940E /* Course.xcdatamodeld */ = {
			isa = XCVersionGroup;
			children = (
				6C422FE71FCCDC5900F8940E /* CourseModel.xcdatamodel */,
			);
			currentVersion = 6C422FE71FCCDC5900F8940E /* CourseModel.xcdatamodel */;
			path = Course.xcdatamodeld;
			sourceTree = "<group>";
			versionGroupType = wrapper.xcdatamodel;
		};
/* End XCVersionGroup section */
	};
	rootObject = 6C422FC91FCCDC0300F8940E /* Project object */;
}
